
Microsoft Visual Studio Solution File, Format Version 12.00
# Visual Studio 15
VisualStudioVersion = 15.0.28010.2003
MinimumVisualStudioVersion = 10.0.40219.1
Project("{FAE04EC0-301F-11D3-BF4B-00C04F79EFBC}") = "Escc.RubbishAndRecycling.SiteFinder.Website", "Escc.RubbishAndRecycling.SiteFinder.Website\Escc.RubbishAndRecycling.SiteFinder.Website.csproj", "{5054390D-B725-4010-B603-B3520F869BB6}"
EndProject
Project("{2150E333-8FDC-42A3-9474-1A3956D46DE8}") = "Solution items", "Solution items", "{DC1A2D4D-3C6E-4DAD-AB41-42787C31F9D0}"
	ProjectSection(SolutionItems) = preProject
		.gitignore = .gitignore
		app-install-website.cmd = app-install-website.cmd
		app-install-website.ps1 = app-install-website.ps1
		app-setup-dev.cmd = app-setup-dev.cmd
		app-setup-dev.ps1 = app-setup-dev.ps1
		LICENSE.md = LICENSE.md
		README.md = README.md
	EndProjectSection
EndProject
Global
	GlobalSection(SolutionConfigurationPlatforms) = preSolution
		Debug|Any CPU = Debug|Any CPU
		Release|Any CPU = Release|Any CPU
		UAT|Any CPU = UAT|Any CPU
	EndGlobalSection
	GlobalSection(ProjectConfigurationPlatforms) = postSolution
		{5054390D-B725-4010-B603-B3520F869BB6}.Debug|Any CPU.ActiveCfg = Debug|Any CPU
		{5054390D-B725-4010-B603-B3520F869BB6}.Debug|Any CPU.Build.0 = Debug|Any CPU
		{5054390D-B725-4010-B603-B3520F869BB6}.Release|Any CPU.ActiveCfg = Release|Any CPU
		{5054390D-B725-4010-B603-B3520F869BB6}.Release|Any CPU.Build.0 = Release|Any CPU
		{5054390D-B725-4010-B603-B3520F869BB6}.UAT|Any CPU.ActiveCfg = Release|Any CPU
		{5054390D-B725-4010-B603-B3520F869BB6}.UAT|Any CPU.Build.0 = Release|Any CPU
	EndGlobalSection
	GlobalSection(SolutionProperties) = preSolution
		HideSolutionNode = FALSE
	EndGlobalSection
	GlobalSection(ExtensibilityGlobals) = postSolution
		SolutionGuid = {64F9B1B1-1B6B-4576-AA02-18ED46DDDC86}
	EndGlobalSection
EndGlobal
