
Microsoft Visual Studio Solution File, Format Version 12.00
# Visual Studio 14
VisualStudioVersion = 14.0.25123.0
MinimumVisualStudioVersion = 10.0.40219.1
Project("{FAE04EC0-301F-11D3-BF4B-00C04F79EFBC}") = "Escc.RubbishAndRecycling.SiteFinder.Website", "Escc.RubbishAndRecycling.SiteFinder.Website\Escc.RubbishAndRecycling.SiteFinder.Website.csproj", "{5054390D-B725-4010-B603-B3520F869BB6}"
EndProject
Project("{2150E333-8FDC-42A3-9474-1A3956D46DE8}") = "Solution items", "Solution items", "{DC1A2D4D-3C6E-4DAD-AB41-42787C31F9D0}"
	ProjectSection(SolutionItems) = preProject
		.gitignore = .gitignore
		app-install.cmd = app-install.cmd
		app-install.ps1 = app-install.ps1
		app-setup-dev.cmd = app-setup-dev.cmd
		app-setup-dev.ps1 = app-setup-dev.ps1
		LICENSE.md = LICENSE.md
		README.md = README.md
	EndProjectSection
EndProject
Project("{FAE04EC0-301F-11D3-BF4B-00C04F79EFBC}") = "EsccWebTeam.EastSussexGovUK", "..\Escc.EastSussexGovUK\Escc.EastSussexGovUK\EsccWebTeam.EastSussexGovUK.csproj", "{1426FEF0-23DC-4C23-AE15-67F2527BD741}"
EndProject
Project("{FAE04EC0-301F-11D3-BF4B-00C04F79EFBC}") = "EsccWebTeam.Data.Web", "..\Escc.Data.Web\EsccWebTeam.Data.Web.csproj", "{9C56D3DD-4952-4A1B-9AD6-907A1142872F}"
EndProject
Project("{E09DD79A-4488-4AB9-8D3F-A7EEE78BF432}") = "Escc.RubbishAndRecycling.SiteFinder.NuGet", "Escc.RubbishAndRecycling.SiteFinder.NuGet\Escc.RubbishAndRecycling.SiteFinder.NuGet.nuproj", "{B4F97732-A853-4691-971D-8F041F4EDDE7}"
EndProject
Global
	GlobalSection(SolutionConfigurationPlatforms) = preSolution
		Debug|Any CPU = Debug|Any CPU
		Release|Any CPU = Release|Any CPU
		UAT|Any CPU = UAT|Any CPU
	EndGlobalSection
	GlobalSection(ProjectConfigurationPlatforms) = postSolution
		{5054390D-B725-4010-B603-B3520F869BB6}.Debug|Any CPU.ActiveCfg = Debug|Any CPU
		{5054390D-B725-4010-B603-B3520F869BB6}.Debug|Any CPU.Build.0 = Debug|Any CPU
		{5054390D-B725-4010-B603-B3520F869BB6}.Release|Any CPU.ActiveCfg = Release|Any CPU
		{5054390D-B725-4010-B603-B3520F869BB6}.Release|Any CPU.Build.0 = Release|Any CPU
		{5054390D-B725-4010-B603-B3520F869BB6}.UAT|Any CPU.ActiveCfg = Release|Any CPU
		{5054390D-B725-4010-B603-B3520F869BB6}.UAT|Any CPU.Build.0 = Release|Any CPU
		{1426FEF0-23DC-4C23-AE15-67F2527BD741}.Debug|Any CPU.ActiveCfg = Debug|Any CPU
		{1426FEF0-23DC-4C23-AE15-67F2527BD741}.Debug|Any CPU.Build.0 = Debug|Any CPU
		{1426FEF0-23DC-4C23-AE15-67F2527BD741}.Release|Any CPU.ActiveCfg = Release|Any CPU
		{1426FEF0-23DC-4C23-AE15-67F2527BD741}.Release|Any CPU.Build.0 = Release|Any CPU
		{1426FEF0-23DC-4C23-AE15-67F2527BD741}.UAT|Any CPU.ActiveCfg = Release|Any CPU
		{1426FEF0-23DC-4C23-AE15-67F2527BD741}.UAT|Any CPU.Build.0 = Release|Any CPU
		{9C56D3DD-4952-4A1B-9AD6-907A1142872F}.Debug|Any CPU.ActiveCfg = Debug|Any CPU
		{9C56D3DD-4952-4A1B-9AD6-907A1142872F}.Debug|Any CPU.Build.0 = Debug|Any CPU
		{9C56D3DD-4952-4A1B-9AD6-907A1142872F}.Release|Any CPU.ActiveCfg = Release|Any CPU
		{9C56D3DD-4952-4A1B-9AD6-907A1142872F}.Release|Any CPU.Build.0 = Release|Any CPU
		{9C56D3DD-4952-4A1B-9AD6-907A1142872F}.UAT|Any CPU.ActiveCfg = Release|Any CPU
		{9C56D3DD-4952-4A1B-9AD6-907A1142872F}.UAT|Any CPU.Build.0 = Release|Any CPU
		{B4F97732-A853-4691-971D-8F041F4EDDE7}.Debug|Any CPU.ActiveCfg = Debug|Any CPU
		{B4F97732-A853-4691-971D-8F041F4EDDE7}.Debug|Any CPU.Build.0 = Debug|Any CPU
		{B4F97732-A853-4691-971D-8F041F4EDDE7}.Release|Any CPU.ActiveCfg = Release|Any CPU
		{B4F97732-A853-4691-971D-8F041F4EDDE7}.Release|Any CPU.Build.0 = Release|Any CPU
		{B4F97732-A853-4691-971D-8F041F4EDDE7}.UAT|Any CPU.ActiveCfg = Release|Any CPU
		{B4F97732-A853-4691-971D-8F041F4EDDE7}.UAT|Any CPU.Build.0 = Release|Any CPU
	EndGlobalSection
	GlobalSection(SolutionProperties) = preSolution
		HideSolutionNode = FALSE
	EndGlobalSection
EndGlobal
